
Microsoft Visual Studio Solution File, Format Version 12.00
# Visual Studio Version 17
VisualStudioVersion = 17.13.35825.156 d17.13
MinimumVisualStudioVersion = 10.0.40219.1
Project("{FAE04EC0-301F-11D3-BF4B-00C04F79EFBC}") = "Pronia", "Pronia\Pronia.csproj", "{58E4E942-358F-4DD1-8C76-9350E1CB1A0B}"
EndProject
Global
	GlobalSection(SolutionConfigurationPlatforms) = preSolution
		Debug|Any CPU = Debug|Any CPU
		Release|Any CPU = Release|Any CPU
	EndGlobalSection
	GlobalSection(ProjectConfigurationPlatforms) = postSolution
		{58E4E942-358F-4DD1-8C76-9350E1CB1A0B}.Debug|Any CPU.ActiveCfg = Debug|Any CPU
		{58E4E942-358F-4DD1-8C76-9350E1CB1A0B}.Debug|Any CPU.Build.0 = Debug|Any CPU
		{58E4E942-358F-4DD1-8C76-9350E1CB1A0B}.Release|Any CPU.ActiveCfg = Release|Any CPU
		{58E4E942-358F-4DD1-8C76-9350E1CB1A0B}.Release|Any CPU.Build.0 = Release|Any CPU
	EndGlobalSection
	GlobalSection(SolutionProperties) = preSolution
		HideSolutionNode = FALSE
	EndGlobalSection
	GlobalSection(ExtensibilityGlobals) = postSolution
		SolutionGuid = {58E9F72D-5A61-4EAE-9F09-542280852632}
	EndGlobalSection
EndGlobal
